
Microsoft Visual Studio Solution File, Format Version 12.00
# Visual Studio Version 17
VisualStudioVersion = 17.7.34031.279
MinimumVisualStudioVersion = 10.0.40219.1
Project("{FAE04EC0-301F-11D3-BF4B-00C04F79EFBC}") = "Satbayev.DAL_university", "Satbayev.DAL_university.csproj", "{0A9059A3-652A-4C39-93EB-4F66CC4A0A58}"
EndProject
Global
	GlobalSection(SolutionConfigurationPlatforms) = preSolution
		Debug|Any CPU = Debug|Any CPU
		Release|Any CPU = Release|Any CPU
	EndGlobalSection
	GlobalSection(ProjectConfigurationPlatforms) = postSolution
		{0A9059A3-652A-4C39-93EB-4F66CC4A0A58}.Debug|Any CPU.ActiveCfg = Debug|Any CPU
		{0A9059A3-652A-4C39-93EB-4F66CC4A0A58}.Debug|Any CPU.Build.0 = Debug|Any CPU
		{0A9059A3-652A-4C39-93EB-4F66CC4A0A58}.Release|Any CPU.ActiveCfg = Release|Any CPU
		{0A9059A3-652A-4C39-93EB-4F66CC4A0A58}.Release|Any CPU.Build.0 = Release|Any CPU
	EndGlobalSection
	GlobalSection(SolutionProperties) = preSolution
		HideSolutionNode = FALSE
	EndGlobalSection
	GlobalSection(ExtensibilityGlobals) = postSolution
		SolutionGuid = {A1D454D0-3648-4E6A-A7F8-F7E472E116C8}
	EndGlobalSection
EndGlobal
